
Microsoft Visual Studio Solution File, Format Version 12.00
# Visual Studio Version 17
VisualStudioVersion = 17.13.35806.99 d17.13
MinimumVisualStudioVersion = 10.0.40219.1
Project("{FAE04EC0-301F-11D3-BF4B-00C04F79EFBC}") = "MyWebTest", "MyWebTest\MyWebTest.csproj", "{7B8141A0-B124-4F9C-B051-F12C191A3279}"
EndProject
Global
	GlobalSection(SolutionConfigurationPlatforms) = preSolution
		Debug|Any CPU = Debug|Any CPU
		Release|Any CPU = Release|Any CPU
	EndGlobalSection
	GlobalSection(ProjectConfigurationPlatforms) = postSolution
		{7B8141A0-B124-4F9C-B051-F12C191A3279}.Debug|Any CPU.ActiveCfg = Debug|Any CPU
		{7B8141A0-B124-4F9C-B051-F12C191A3279}.Debug|Any CPU.Build.0 = Debug|Any CPU
		{7B8141A0-B124-4F9C-B051-F12C191A3279}.Release|Any CPU.ActiveCfg = Release|Any CPU
		{7B8141A0-B124-4F9C-B051-F12C191A3279}.Release|Any CPU.Build.0 = Release|Any CPU
	EndGlobalSection
	GlobalSection(SolutionProperties) = preSolution
		HideSolutionNode = FALSE
	EndGlobalSection
	GlobalSection(ExtensibilityGlobals) = postSolution
		SolutionGuid = {8C0D80AD-70BC-4562-AB72-5BC7622C1A26}
	EndGlobalSection
EndGlobal
